// !$*UTF8*$!
{
	archiveVersion = 1;
	classes = {
	};
	objectVersion = 46;
	objects = {

/* Begin PBXBuildFile section */
		57DB4B2B1B348F340094E872 /* AppDelegate.swift in Sources */ = {isa = PBXBuildFile; fileRef = 57DB4B2A1B348F340094E872 /* AppDelegate.swift */; };
		57DB4B2D1B348F340094E872 /* ViewController.swift in Sources */ = {isa = PBXBuildFile; fileRef = 57DB4B2C1B348F340094E872 /* ViewController.swift */; };
		57DB4B301B348F340094E872 /* Main.storyboard in Resources */ = {isa = PBXBuildFile; fileRef = 57DB4B2E1B348F340094E872 /* Main.storyboard */; };
		57DB4B321B348F340094E872 /* Images.xcassets in Resources */ = {isa = PBXBuildFile; fileRef = 57DB4B311B348F340094E872 /* Images.xcassets */; };
		57DB4B351B348F340094E872 /* LaunchScreen.xib in Resources */ = {isa = PBXBuildFile; fileRef = 57DB4B331B348F340094E872 /* LaunchScreen.xib */; };
		57DB4B411B348F340094E872 /* imagePickerExiperimentTests.swift in Sources */ = {isa = PBXBuildFile; fileRef = 57DB4B401B348F340094E872 /* imagePickerExiperimentTests.swift */; };
/* End PBXBuildFile section */

/* Begin PBXContainerItemProxy section */
		57DB4B3B1B348F340094E872 /* PBXContainerItemProxy */ = {
			isa = PBXContainerItemProxy;
			containerPortal = 57DB4B1D1B348F340094E872 /* Project object */;
			proxyType = 1;
			remoteGlobalIDString = 57DB4B241B348F340094E872;
			remoteInfo = imagePickerExiperiment;
		};
/* End PBXContainerItemProxy section */

/* Begin PBXFileReference section */
		57DB4B251B348F340094E872 /* imagePickerExiperiment.app */ = {isa = PBXFileReference; explicitFileType = wrapper.application; includeInIndex = 0; path = imagePickerExiperiment.app; sourceTree = BUILT_PRODUCTS_DIR; };
		57DB4B291B348F340094E872 /* Info.plist */ = {isa = PBXFileReference; lastKnownFileType = text.plist.xml; path = Info.plist; sourceTree = "<group>"; };
		57DB4B2A1B348F340094E872 /* AppDelegate.swift */ = {isa = PBXFileReference; lastKnownFileType = sourcecode.swift; path = AppDelegate.swift; sourceTree = "<group>"; };
		57DB4B2C1B348F340094E872 /* ViewController.swift */ = {isa = PBXFileReference; lastKnownFileType = sourcecode.swift; path = ViewController.swift; sourceTree = "<group>"; };
		57DB4B2F1B348F340094E872 /* Base */ = {isa = PBXFileReference; lastKnownFileType = file.storyboard; name = Base; path = Base.lproj/Main.storyboard; sourceTree = "<group>"; };
		57DB4B311B348F340094E872 /* Images.xcassets */ = {isa = PBXFileReference; lastKnownFileType = folder.assetcatalog; path = Images.xcassets; sourceTree = "<group>"; };
		57DB4B341B348F340094E872 /* Base */ = {isa = PBXFileReference; lastKnownFileType = file.xib; name = Base; path = Base.lproj/LaunchScreen.xib; sourceTree = "<group>"; };
		57DB4B3A1B348F340094E872 /* imagePickerExiperimentTests.xctest */ = {isa = PBXFileReference; explicitFileType = wrapper.cfbundle; includeInIndex = 0; path = imagePickerExiperimentTests.xctest; sourceTree = BUILT_PRODUCTS_DIR; };
		57DB4B3F1B348F340094E872 /* Info.plist */ = {isa = PBXFileReference; lastKnownFileType = text.plist.xml; path = Info.plist; sourceTree = "<group>"; };
		57DB4B401B348F340094E872 /* imagePickerExiperimentTests.swift */ = {isa = PBXFileReference; lastKnownFileType = sourcecode.swift; path = imagePickerExiperimentTests.swift; sourceTree = "<group>"; };
/* End PBXFileReference section */

/* Begin PBXFrameworksBuildPhase section */
		57DB4B221B348F340094E872 /* Frameworks */ = {
			isa = PBXFrameworksBuildPhase;
			buildActionMask = 2147483647;
			files = (
			);
			runOnlyForDeploymentPostprocessing = 0;
		};
		57DB4B371B348F340094E872 /* Frameworks */ = {
			isa = PBXFrameworksBuildPhase;
			buildActionMask = 2147483647;
			files = (
			);
			runOnlyForDeploymentPostprocessing = 0;
		};
/* End PBXFrameworksBuildPhase section */

/* Begin PBXGroup section */
		57DB4B1C1B348F340094E872 = {
			isa = PBXGroup;
			children = (
				57DB4B271B348F340094E872 /* imagePickerExiperiment */,
				57DB4B3D1B348F340094E872 /* imagePickerExiperimentTests */,
				57DB4B261B348F340094E872 /* Products */,
			);
			sourceTree = "<group>";
		};
		57DB4B261B348F340094E872 /* Products */ = {
			isa = PBXGroup;
			children = (
				57DB4B251B348F340094E872 /* imagePickerExiperiment.app */,
				57DB4B3A1B348F340094E872 /* imagePickerExiperimentTests.xctest */,
			);
			name = Products;
			sourceTree = "<group>";
		};
		57DB4B271B348F340094E872 /* imagePickerExiperiment */ = {
			isa = PBXGroup;
			children = (
				57DB4B2A1B348F340094E872 /* AppDelegate.swift */,
				57DB4B2C1B348F340094E872 /* ViewController.swift */,
				57DB4B2E1B348F340094E872 /* Main.storyboard */,
				57DB4B311B348F340094E872 /* Images.xcassets */,
				57DB4B331B348F340094E872 /* LaunchScreen.xib */,
				57DB4B281B348F340094E872 /* Supporting Files */,
			);
			path = imagePickerExiperiment;
			sourceTree = "<group>";
		};
		57DB4B281B348F340094E872 /* Supporting Files */ = {
			isa = PBXGroup;
			children = (
				57DB4B291B348F340094E872 /* Info.plist */,
			);
			name = "Supporting Files";
			sourceTree = "<group>";
		};
		57DB4B3D1B348F340094E872 /* imagePickerExiperimentTests */ = {
			isa = PBXGroup;
			children = (
				57DB4B401B348F340094E872 /* imagePickerExiperimentTests.swift */,
				57DB4B3E1B348F340094E872 /* Supporting Files */,
			);
			path = imagePickerExiperimentTests;
			sourceTree = "<group>";
		};
		57DB4B3E1B348F340094E872 /* Supporting Files */ = {
			isa = PBXGroup;
			children = (
				57DB4B3F1B348F340094E872 /* Info.plist */,
			);
			name = "Supporting Files";
			sourceTree = "<group>";
		};
/* End PBXGroup section */

/* Begin PBXNativeTarget section */
		57DB4B241B348F340094E872 /* imagePickerExiperiment */ = {
			isa = PBXNativeTarget;
			buildConfigurationList = 57DB4B441B348F340094E872 /* Build configuration list for PBXNativeTarget "imagePickerExiperiment" */;
			buildPhases = (
				57DB4B211B348F340094E872 /* Sources */,
				57DB4B221B348F340094E872 /* Frameworks */,
				57DB4B231B348F340094E872 /* Resources */,
			);
			buildRules = (
			);
			dependencies = (
			);
			name = imagePickerExiperiment;
			productName = imagePickerExiperiment;
			productReference = 57DB4B251B348F340094E872 /* imagePickerExiperiment.app */;
			productType = "com.apple.product-type.application";
		};
		57DB4B391B348F340094E872 /* imagePickerExiperimentTests */ = {
			isa = PBXNativeTarget;
			buildConfigurationList = 57DB4B471B348F340094E872 /* Build configuration list for PBXNativeTarget "imagePickerExiperimentTests" */;
			buildPhases = (
				57DB4B361B348F340094E872 /* Sources */,
				57DB4B371B348F340094E872 /* Frameworks */,
				57DB4B381B348F340094E872 /* Resources */,
			);
			buildRules = (
			);
			dependencies = (
				57DB4B3C1B348F340094E872 /* PBXTargetDependency */,
			);
			name = imagePickerExiperimentTests;
			productName = imagePickerExiperimentTests;
			productReference = 57DB4B3A1B348F340094E872 /* imagePickerExiperimentTests.xctest */;
			productType = "com.apple.product-type.bundle.unit-test";
		};
/* End PBXNativeTarget section */

/* Begin PBXProject section */
		57DB4B1D1B348F340094E872 /* Project object */ = {
			isa = PBXProject;
			attributes = {
				LastUpgradeCheck = 0630;
				ORGANIZATIONNAME = "Jorden Schreck";
				TargetAttributes = {
					57DB4B241B348F340094E872 = {
						CreatedOnToolsVersion = 6.3.2;
						DevelopmentTeam = HJP6X96F73;
					};
					57DB4B391B348F340094E872 = {
						CreatedOnToolsVersion = 6.3.2;
						TestTargetID = 57DB4B241B348F340094E872;
					};
				};
			};
			buildConfigurationList = 57DB4B201B348F340094E872 /* Build configuration list for PBXProject "imagePickerExiperiment" */;
			compatibilityVersion = "Xcode 3.2";
			developmentRegion = English;
			hasScannedForEncodings = 0;
			knownRegions = (
				en,
				Base,
			);
			mainGroup = 57DB4B1C1B348F340094E872;
			productRefGroup = 57DB4B261B348F340094E872 /* Products */;
			projectDirPath = "";
			projectRoot = "";
			targets = (
				57DB4B241B348F340094E872 /* imagePickerExiperiment */,
				57DB4B391B348F340094E872 /* imagePickerExiperimentTests */,
			);
		};
/* End PBXProject section */

/* Begin PBXResourcesBuildPhase section */
		57DB4B231B348F340094E872 /* Resources */ = {
			isa = PBXResourcesBuildPhase;
			buildActionMask = 2147483647;
			files = (
				57DB4B301B348F340094E872 /* Main.storyboard in Resources */,
				57DB4B351B348F340094E872 /* LaunchScreen.xib in Resources */,
				57DB4B321B348F340094E872 /* Images.xcassets in Resources */,
			);
			runOnlyForDeploymentPostprocessing = 0;
		};
		57DB4B381B348F340094E872 /* Resources */ = {
			isa = PBXResourcesBuildPhase;
			buildActionMask = 2147483647;
			files = (
			);
			runOnlyForDeploymentPostprocessing = 0;
		};
/* End PBXResourcesBuildPhase section */

/* Begin PBXSourcesBuildPhase section */
		57DB4B211B348F340094E872 /* Sources */ = {
			isa = PBXSourcesBuildPhase;
			buildActionMask = 2147483647;
			files = (
				57DB4B2D1B348F340094E872 /* ViewController.swift in Sources */,
				57DB4B2B1B348F340094E872 /* AppDelegate.swift in Sources */,
			);
			runOnlyForDeploymentPostprocessing = 0;
		};
		57DB4B361B348F340094E872 /* Sources */ = {
			isa = PBXSourcesBuildPhase;
			buildActionMask = 2147483647;
			files = (
				57DB4B411B348F340094E872 /* imagePickerExiperimentTests.swift in Sources */,
			);
			runOnlyForDeploymentPostprocessing = 0;
		};
/* End PBXSourcesBuildPhase section */

/* Begin PBXTargetDependency section */
		57DB4B3C1B348F340094E872 /* PBXTargetDependency */ = {
			isa = PBXTargetDependency;
			target = 57DB4B241B348F340094E872 /* imagePickerExiperiment */;
			targetProxy = 57DB4B3B1B348F340094E872 /* PBXContainerItemProxy */;
		};
/* End PBXTargetDependency section */

/* Begin PBXVariantGroup section */
		57DB4B2E1B348F340094E872 /* Main.storyboard */ = {
			isa = PBXVariantGroup;
			children = (
				57DB4B2F1B348F340094E872 /* Base */,
			);
			name = Main.storyboard;
			sourceTree = "<group>";
		};
		57DB4B331B348F340094E872 /* LaunchScreen.xib */ = {
			isa = PBXVariantGroup;
			children = (
				57DB4B341B348F340094E872 /* Base */,
			);
			name = LaunchScreen.xib;
			sourceTree = "<group>";
		};
/* End PBXVariantGroup section */

/* Begin XCBuildConfiguration section */
		57DB4B421B348F340094E872 /* Debug */ = {
			isa = XCBuildConfiguration;
			buildSettings = {
				ALWAYS_SEARCH_USER_PATHS = NO;
				CLANG_CXX_LANGUAGE_STANDARD = "gnu++0x";
				CLANG_CXX_LIBRARY = "libc++";
				CLANG_ENABLE_MODULES = YES;
				CLANG_ENABLE_OBJC_ARC = YES;
				CLANG_WARN_BOOL_CONVERSION = YES;
				CLANG_WARN_CONSTANT_CONVERSION = YES;
				CLANG_WARN_DIRECT_OBJC_ISA_USAGE = YES_ERROR;
				CLANG_WARN_EMPTY_BODY = YES;
				CLANG_WARN_ENUM_CONVERSION = YES;
				CLANG_WARN_INT_CONVERSION = YES;
				CLANG_WARN_OBJC_ROOT_CLASS = YES_ERROR;
				CLANG_WARN_UNREACHABLE_CODE = YES;
				CLANG_WARN__DUPLICATE_METHOD_MATCH = YES;
				"CODE_SIGN_IDENTITY[sdk=iphoneos*]" = "iPhone Developer";
				COPY_PHASE_STRIP = NO;
				DEBUG_INFORMATION_FORMAT = "dwarf-with-dsym";
				ENABLE_STRICT_OBJC_MSGSEND = YES;
				GCC_C_LANGUAGE_STANDARD = gnu99;
				GCC_DYNAMIC_NO_PIC = NO;
				GCC_NO_COMMON_BLOCKS = YES;
				GCC_OPTIMIZATION_LEVEL = 0;
				GCC_PREPROCESSOR_DEFINITIONS = (
					"DEBUG=1",
					"$(inherited)",
				);
				GCC_SYMBOLS_PRIVATE_EXTERN = NO;
				GCC_WARN_64_TO_32_BIT_CONVERSION = YES;
				GCC_WARN_ABOUT_RETURN_TYPE = YES_ERROR;
				GCC_WARN_UNDECLARED_SELECTOR = YES;
				GCC_WARN_UNINITIALIZED_AUTOS = YES_AGGRESSIVE;
				GCC_WARN_UNUSED_FUNCTION = YES;
				GCC_WARN_UNUSED_VARIABLE = YES;
				IPHONEOS_DEPLOYMENT_TARGET = 8.3;
				MTL_ENABLE_DEBUG_INFO = YES;
				ONLY_ACTIVE_ARCH = YES;
				SDKROOT = iphoneos;
				SWIFT_OPTIMIZATION_LEVEL = "-Onone";
				TARGETED_DEVICE_FAMILY = "1,2";
			};
			name = Debug;
		};
		57DB4B431B348F340094E872 /* Release */ = {
			isa = XCBuildConfiguration;
			buildSettings = {
				ALWAYS_SEARCH_USER_PATHS = NO;
				CLANG_CXX_LANGUAGE_STANDARD = "gnu++0x";
				CLANG_CXX_LIBRARY = "libc++";
				CLANG_ENABLE_MODULES = YES;
				CLANG_ENABLE_OBJC_ARC = YES;
				CLANG_WARN_BOOL_CONVERSION = YES;
				CLANG_WARN_CONSTANT_CONVERSION = YES;
				CLANG_WARN_DIRECT_OBJC_ISA_USAGE = YES_ERROR;
				CLANG_WARN_EMPTY_BODY = YES;
				CLANG_WARN_ENUM_CONVERSION = YES;
				CLANG_WARN_INT_CONVERSION = YES;
				CLANG_WARN_OBJC_ROOT_CLASS = YES_ERROR;
				CLANG_WARN_UNREACHABLE_CODE = YES;
				CLANG_WARN__DUPLICATE_METHOD_MATCH = YES;
				"CODE_SIGN_IDENTITY[sdk=iphoneos*]" = "iPhone Developer";
				COPY_PHASE_STRIP = NO;
				DEBUG_INFORMATION_FORMAT = "dwarf-with-dsym";
				ENABLE_NS_ASSERTIONS = NO;
				ENABLE_STRICT_OBJC_MSGSEND = YES;
				GCC_C_LANGUAGE_STANDARD = gnu99;
				GCC_NO_COMMON_BLOCKS = YES;
				GCC_WARN_64_TO_32_BIT_CONVERSION = YES;
				GCC_WARN_ABOUT_RETURN_TYPE = YES_ERROR;
				GCC_WARN_UNDECLARED_SELECTOR = YES;
				GCC_WARN_UNINITIALIZED_AUTOS = YES_AGGRESSIVE;
				GCC_WARN_UNUSED_FUNCTION = YES;
				GCC_WARN_UNUSED_VARIABLE = YES;
				IPHONEOS_DEPLOYMENT_TARGET = 8.3;
				MTL_ENABLE_DEBUG_INFO = NO;
				SDKROOT = iphoneos;
				TARGETED_DEVICE_FAMILY = "1,2";
				VALIDATE_PRODUCT = YES;
			};
			name = Release;
		};
		57DB4B451B348F340094E872 /* Debug */ = {
			isa = XCBuildConfiguration;
			buildSettings = {
				ASSETCATALOG_COMPILER_APPICON_NAME = AppIcon;
				CODE_SIGN_IDENTITY = "iPhone Developer";
				INFOPLIST_FILE = imagePickerExiperiment/Info.plist;
				LD_RUNPATH_SEARCH_PATHS = "$(inherited) @executable_path/Frameworks";
				PRODUCT_NAME = "$(TARGET_NAME)";
			};
			name = Debug;
		};
		57DB4B461B348F340094E872 /* Release */ = {
			isa = XCBuildConfiguration;
			buildSettings = {
				ASSETCATALOG_COMPILER_APPICON_NAME = AppIcon;
				CODE_SIGN_IDENTITY = "iPhone Developer";
				INFOPLIST_FILE = imagePickerExiperiment/Info.plist;
				LD_RUNPATH_SEARCH_PATHS = "$(inherited) @executable_path/Frameworks";
				PRODUCT_NAME = "$(TARGET_NAME)";
			};
			name = Release;
		};
		57DB4B481B348F340094E872 /* Debug */ = {
			isa = XCBuildConfiguration;
			buildSettings = {
				BUNDLE_LOADER = "$(TEST_HOST)";
				FRAMEWORK_SEARCH_PATHS = (
					"$(SDKROOT)/Developer/Library/Frameworks",
					"$(inherited)",
				);
				GCC_PREPROCESSOR_DEFINITIONS = (
					"DEBUG=1",
					"$(inherited)",
				);
				INFOPLIST_FILE = imagePickerExiperimentTests/Info.plist;
				LD_RUNPATH_SEARCH_PATHS = "$(inherited) @executable_path/Frameworks @loader_path/Frameworks";
				PRODUCT_NAME = "$(TARGET_NAME)";
				TEST_HOST = "$(BUILT_PRODUCTS_DIR)/imagePickerExiperiment.app/imagePickerExiperiment";
			};
			name = Debug;
		};
		57DB4B491B348F340094E872 /* Release */ = {
			isa = XCBuildConfiguration;
			buildSettings = {
				BUNDLE_LOADER = "$(TEST_HOST)";
				FRAMEWORK_SEARCH_PATHS = (
					"$(SDKROOT)/Developer/Library/Frameworks",
					"$(inherited)",
				);
				INFOPLIST_FILE = imagePickerExiperimentTests/Info.plist;
				LD_RUNPATH_SEARCH_PATHS = "$(inherited) @executable_path/Frameworks @loader_path/Frameworks";
				PRODUCT_NAME = "$(TARGET_NAME)";
				TEST_HOST = "$(BUILT_PRODUCTS_DIR)/imagePickerExiperiment.app/imagePickerExiperiment";
			};
			name = Release;
		};
/* End XCBuildConfiguration section */

/* Begin XCConfigurationList section */
		57DB4B201B348F340094E872 /* Build configuration list for PBXProject "imagePickerExiperiment" */ = {
			isa = XCConfigurationList;
			buildConfigurations = (
				57DB4B421B348F340094E872 /* Debug */,
				57DB4B431B348F340094E872 /* Release */,
			);
			defaultConfigurationIsVisible = 0;
			defaultConfigurationName = Release;
		};
		57DB4B441B348F340094E872 /* Build configuration list for PBXNativeTarget "imagePickerExiperiment" */ = {
			isa = XCConfigurationList;
			buildConfigurations = (
				57DB4B451B348F340094E872 /* Debug */,
				57DB4B461B348F340094E872 /* Release */,
			);
			defaultConfigurationIsVisible = 0;
		};
		57DB4B471B348F340094E872 /* Build configuration list for PBXNativeTarget "imagePickerExiperimentTests" */ = {
			isa = XCConfigurationList;
			buildConfigurations = (
				57DB4B481B348F340094E872 /* Debug */,
				57DB4B491B348F340094E872 /* Release */,
			);
			defaultConfigurationIsVisible = 0;
		};
/* End XCConfigurationList section */
	};
	rootObject = 57DB4B1D1B348F340094E872 /* Project object */;
}
