// !$*UTF8*$!
{
	archiveVersion = 1;
	classes = {
	};
	objectVersion = 46;
	objects = {

/* Begin PBXBuildFile section */
		575C694C1B25FE2800ACF285 /* AppDelegate.swift in Sources */ = {isa = PBXBuildFile; fileRef = 575C694B1B25FE2800ACF285 /* AppDelegate.swift */; };
		575C694E1B25FE2800ACF285 /* ViewController.swift in Sources */ = {isa = PBXBuildFile; fileRef = 575C694D1B25FE2800ACF285 /* ViewController.swift */; };
		575C69511B25FE2800ACF285 /* Main.storyboard in Resources */ = {isa = PBXBuildFile; fileRef = 575C694F1B25FE2800ACF285 /* Main.storyboard */; };
		575C69531B25FE2800ACF285 /* Images.xcassets in Resources */ = {isa = PBXBuildFile; fileRef = 575C69521B25FE2800ACF285 /* Images.xcassets */; };
		575C69561B25FE2800ACF285 /* LaunchScreen.xib in Resources */ = {isa = PBXBuildFile; fileRef = 575C69541B25FE2800ACF285 /* LaunchScreen.xib */; };
		575C69621B25FE2900ACF285 /* ZipCashLockTests.swift in Sources */ = {isa = PBXBuildFile; fileRef = 575C69611B25FE2900ACF285 /* ZipCashLockTests.swift */; };
		575C696D1B26276500ACF285 /* CashTextFieldDelegate.swift in Sources */ = {isa = PBXBuildFile; fileRef = 575C696C1B26276500ACF285 /* CashTextFieldDelegate.swift */; };
		575C696F1B26294F00ACF285 /* ZipTextFieldDelegate.swift in Sources */ = {isa = PBXBuildFile; fileRef = 575C696E1B26294F00ACF285 /* ZipTextFieldDelegate.swift */; };
/* End PBXBuildFile section */

/* Begin PBXContainerItemProxy section */
		575C695C1B25FE2900ACF285 /* PBXContainerItemProxy */ = {
			isa = PBXContainerItemProxy;
			containerPortal = 575C693E1B25FE2800ACF285 /* Project object */;
			proxyType = 1;
			remoteGlobalIDString = 575C69451B25FE2800ACF285;
			remoteInfo = ZipCashLock;
		};
/* End PBXContainerItemProxy section */

/* Begin PBXFileReference section */
		575C69461B25FE2800ACF285 /* ZipCashLock.app */ = {isa = PBXFileReference; explicitFileType = wrapper.application; includeInIndex = 0; path = ZipCashLock.app; sourceTree = BUILT_PRODUCTS_DIR; };
		575C694A1B25FE2800ACF285 /* Info.plist */ = {isa = PBXFileReference; lastKnownFileType = text.plist.xml; path = Info.plist; sourceTree = "<group>"; };
		575C694B1B25FE2800ACF285 /* AppDelegate.swift */ = {isa = PBXFileReference; lastKnownFileType = sourcecode.swift; path = AppDelegate.swift; sourceTree = "<group>"; };
		575C694D1B25FE2800ACF285 /* ViewController.swift */ = {isa = PBXFileReference; lastKnownFileType = sourcecode.swift; path = ViewController.swift; sourceTree = "<group>"; };
		575C69501B25FE2800ACF285 /* Base */ = {isa = PBXFileReference; lastKnownFileType = file.storyboard; name = Base; path = Base.lproj/Main.storyboard; sourceTree = "<group>"; };
		575C69521B25FE2800ACF285 /* Images.xcassets */ = {isa = PBXFileReference; lastKnownFileType = folder.assetcatalog; path = Images.xcassets; sourceTree = "<group>"; };
		575C69551B25FE2800ACF285 /* Base */ = {isa = PBXFileReference; lastKnownFileType = file.xib; name = Base; path = Base.lproj/LaunchScreen.xib; sourceTree = "<group>"; };
		575C695B1B25FE2900ACF285 /* ZipCashLockTests.xctest */ = {isa = PBXFileReference; explicitFileType = wrapper.cfbundle; includeInIndex = 0; path = ZipCashLockTests.xctest; sourceTree = BUILT_PRODUCTS_DIR; };
		575C69601B25FE2900ACF285 /* Info.plist */ = {isa = PBXFileReference; lastKnownFileType = text.plist.xml; path = Info.plist; sourceTree = "<group>"; };
		575C69611B25FE2900ACF285 /* ZipCashLockTests.swift */ = {isa = PBXFileReference; lastKnownFileType = sourcecode.swift; path = ZipCashLockTests.swift; sourceTree = "<group>"; };
		575C696C1B26276500ACF285 /* CashTextFieldDelegate.swift */ = {isa = PBXFileReference; fileEncoding = 4; lastKnownFileType = sourcecode.swift; path = CashTextFieldDelegate.swift; sourceTree = "<group>"; };
		575C696E1B26294F00ACF285 /* ZipTextFieldDelegate.swift */ = {isa = PBXFileReference; fileEncoding = 4; lastKnownFileType = sourcecode.swift; path = ZipTextFieldDelegate.swift; sourceTree = "<group>"; };
/* End PBXFileReference section */

/* Begin PBXFrameworksBuildPhase section */
		575C69431B25FE2800ACF285 /* Frameworks */ = {
			isa = PBXFrameworksBuildPhase;
			buildActionMask = 2147483647;
			files = (
			);
			runOnlyForDeploymentPostprocessing = 0;
		};
		575C69581B25FE2900ACF285 /* Frameworks */ = {
			isa = PBXFrameworksBuildPhase;
			buildActionMask = 2147483647;
			files = (
			);
			runOnlyForDeploymentPostprocessing = 0;
		};
/* End PBXFrameworksBuildPhase section */

/* Begin PBXGroup section */
		575C693D1B25FE2800ACF285 = {
			isa = PBXGroup;
			children = (
				575C69481B25FE2800ACF285 /* ZipCashLock */,
				575C695E1B25FE2900ACF285 /* ZipCashLockTests */,
				575C69471B25FE2800ACF285 /* Products */,
			);
			sourceTree = "<group>";
		};
		575C69471B25FE2800ACF285 /* Products */ = {
			isa = PBXGroup;
			children = (
				575C69461B25FE2800ACF285 /* ZipCashLock.app */,
				575C695B1B25FE2900ACF285 /* ZipCashLockTests.xctest */,
			);
			name = Products;
			sourceTree = "<group>";
		};
		575C69481B25FE2800ACF285 /* ZipCashLock */ = {
			isa = PBXGroup;
			children = (
				575C694B1B25FE2800ACF285 /* AppDelegate.swift */,
				575C694D1B25FE2800ACF285 /* ViewController.swift */,
				575C694F1B25FE2800ACF285 /* Main.storyboard */,
				575C69521B25FE2800ACF285 /* Images.xcassets */,
				575C696B1B26274500ACF285 /* TextFieldDelegates */,
				575C69541B25FE2800ACF285 /* LaunchScreen.xib */,
				575C69491B25FE2800ACF285 /* Supporting Files */,
			);
			path = ZipCashLock;
			sourceTree = "<group>";
		};
		575C69491B25FE2800ACF285 /* Supporting Files */ = {
			isa = PBXGroup;
			children = (
				575C694A1B25FE2800ACF285 /* Info.plist */,
			);
			name = "Supporting Files";
			sourceTree = "<group>";
		};
		575C695E1B25FE2900ACF285 /* ZipCashLockTests */ = {
			isa = PBXGroup;
			children = (
				575C69611B25FE2900ACF285 /* ZipCashLockTests.swift */,
				575C695F1B25FE2900ACF285 /* Supporting Files */,
			);
			path = ZipCashLockTests;
			sourceTree = "<group>";
		};
		575C695F1B25FE2900ACF285 /* Supporting Files */ = {
			isa = PBXGroup;
			children = (
				575C69601B25FE2900ACF285 /* Info.plist */,
			);
			name = "Supporting Files";
			sourceTree = "<group>";
		};
		575C696B1B26274500ACF285 /* TextFieldDelegates */ = {
			isa = PBXGroup;
			children = (
				575C696C1B26276500ACF285 /* CashTextFieldDelegate.swift */,
				575C696E1B26294F00ACF285 /* ZipTextFieldDelegate.swift */,
			);
			name = TextFieldDelegates;
			sourceTree = "<group>";
		};
/* End PBXGroup section */

/* Begin PBXNativeTarget section */
		575C69451B25FE2800ACF285 /* ZipCashLock */ = {
			isa = PBXNativeTarget;
			buildConfigurationList = 575C69651B25FE2900ACF285 /* Build configuration list for PBXNativeTarget "ZipCashLock" */;
			buildPhases = (
				575C69421B25FE2800ACF285 /* Sources */,
				575C69431B25FE2800ACF285 /* Frameworks */,
				575C69441B25FE2800ACF285 /* Resources */,
			);
			buildRules = (
			);
			dependencies = (
			);
			name = ZipCashLock;
			productName = ZipCashLock;
			productReference = 575C69461B25FE2800ACF285 /* ZipCashLock.app */;
			productType = "com.apple.product-type.application";
		};
		575C695A1B25FE2900ACF285 /* ZipCashLockTests */ = {
			isa = PBXNativeTarget;
			buildConfigurationList = 575C69681B25FE2900ACF285 /* Build configuration list for PBXNativeTarget "ZipCashLockTests" */;
			buildPhases = (
				575C69571B25FE2900ACF285 /* Sources */,
				575C69581B25FE2900ACF285 /* Frameworks */,
				575C69591B25FE2900ACF285 /* Resources */,
			);
			buildRules = (
			);
			dependencies = (
				575C695D1B25FE2900ACF285 /* PBXTargetDependency */,
			);
			name = ZipCashLockTests;
			productName = ZipCashLockTests;
			productReference = 575C695B1B25FE2900ACF285 /* ZipCashLockTests.xctest */;
			productType = "com.apple.product-type.bundle.unit-test";
		};
/* End PBXNativeTarget section */

/* Begin PBXProject section */
		575C693E1B25FE2800ACF285 /* Project object */ = {
			isa = PBXProject;
			attributes = {
				LastUpgradeCheck = 0630;
				ORGANIZATIONNAME = "Jorden Schreck";
				TargetAttributes = {
					575C69451B25FE2800ACF285 = {
						CreatedOnToolsVersion = 6.3.2;
					};
					575C695A1B25FE2900ACF285 = {
						CreatedOnToolsVersion = 6.3.2;
						TestTargetID = 575C69451B25FE2800ACF285;
					};
				};
			};
			buildConfigurationList = 575C69411B25FE2800ACF285 /* Build configuration list for PBXProject "ZipCashLock" */;
			compatibilityVersion = "Xcode 3.2";
			developmentRegion = English;
			hasScannedForEncodings = 0;
			knownRegions = (
				en,
				Base,
			);
			mainGroup = 575C693D1B25FE2800ACF285;
			productRefGroup = 575C69471B25FE2800ACF285 /* Products */;
			projectDirPath = "";
			projectRoot = "";
			targets = (
				575C69451B25FE2800ACF285 /* ZipCashLock */,
				575C695A1B25FE2900ACF285 /* ZipCashLockTests */,
			);
		};
/* End PBXProject section */

/* Begin PBXResourcesBuildPhase section */
		575C69441B25FE2800ACF285 /* Resources */ = {
			isa = PBXResourcesBuildPhase;
			buildActionMask = 2147483647;
			files = (
				575C69511B25FE2800ACF285 /* Main.storyboard in Resources */,
				575C69561B25FE2800ACF285 /* LaunchScreen.xib in Resources */,
				575C69531B25FE2800ACF285 /* Images.xcassets in Resources */,
			);
			runOnlyForDeploymentPostprocessing = 0;
		};
		575C69591B25FE2900ACF285 /* Resources */ = {
			isa = PBXResourcesBuildPhase;
			buildActionMask = 2147483647;
			files = (
			);
			runOnlyForDeploymentPostprocessing = 0;
		};
/* End PBXResourcesBuildPhase section */

/* Begin PBXSourcesBuildPhase section */
		575C69421B25FE2800ACF285 /* Sources */ = {
			isa = PBXSourcesBuildPhase;
			buildActionMask = 2147483647;
			files = (
				575C696F1B26294F00ACF285 /* ZipTextFieldDelegate.swift in Sources */,
				575C694E1B25FE2800ACF285 /* ViewController.swift in Sources */,
				575C696D1B26276500ACF285 /* CashTextFieldDelegate.swift in Sources */,
				575C694C1B25FE2800ACF285 /* AppDelegate.swift in Sources */,
			);
			runOnlyForDeploymentPostprocessing = 0;
		};
		575C69571B25FE2900ACF285 /* Sources */ = {
			isa = PBXSourcesBuildPhase;
			buildActionMask = 2147483647;
			files = (
				575C69621B25FE2900ACF285 /* ZipCashLockTests.swift in Sources */,
			);
			runOnlyForDeploymentPostprocessing = 0;
		};
/* End PBXSourcesBuildPhase section */

/* Begin PBXTargetDependency section */
		575C695D1B25FE2900ACF285 /* PBXTargetDependency */ = {
			isa = PBXTargetDependency;
			target = 575C69451B25FE2800ACF285 /* ZipCashLock */;
			targetProxy = 575C695C1B25FE2900ACF285 /* PBXContainerItemProxy */;
		};
/* End PBXTargetDependency section */

/* Begin PBXVariantGroup section */
		575C694F1B25FE2800ACF285 /* Main.storyboard */ = {
			isa = PBXVariantGroup;
			children = (
				575C69501B25FE2800ACF285 /* Base */,
			);
			name = Main.storyboard;
			sourceTree = "<group>";
		};
		575C69541B25FE2800ACF285 /* LaunchScreen.xib */ = {
			isa = PBXVariantGroup;
			children = (
				575C69551B25FE2800ACF285 /* Base */,
			);
			name = LaunchScreen.xib;
			sourceTree = "<group>";
		};
/* End PBXVariantGroup section */

/* Begin XCBuildConfiguration section */
		575C69631B25FE2900ACF285 /* Debug */ = {
			isa = XCBuildConfiguration;
			buildSettings = {
				ALWAYS_SEARCH_USER_PATHS = NO;
				CLANG_CXX_LANGUAGE_STANDARD = "gnu++0x";
				CLANG_CXX_LIBRARY = "libc++";
				CLANG_ENABLE_MODULES = YES;
				CLANG_ENABLE_OBJC_ARC = YES;
				CLANG_WARN_BOOL_CONVERSION = YES;
				CLANG_WARN_CONSTANT_CONVERSION = YES;
				CLANG_WARN_DIRECT_OBJC_ISA_USAGE = YES_ERROR;
				CLANG_WARN_EMPTY_BODY = YES;
				CLANG_WARN_ENUM_CONVERSION = YES;
				CLANG_WARN_INT_CONVERSION = YES;
				CLANG_WARN_OBJC_ROOT_CLASS = YES_ERROR;
				CLANG_WARN_UNREACHABLE_CODE = YES;
				CLANG_WARN__DUPLICATE_METHOD_MATCH = YES;
				"CODE_SIGN_IDENTITY[sdk=iphoneos*]" = "iPhone Developer";
				COPY_PHASE_STRIP = NO;
				DEBUG_INFORMATION_FORMAT = "dwarf-with-dsym";
				ENABLE_STRICT_OBJC_MSGSEND = YES;
				GCC_C_LANGUAGE_STANDARD = gnu99;
				GCC_DYNAMIC_NO_PIC = NO;
				GCC_NO_COMMON_BLOCKS = YES;
				GCC_OPTIMIZATION_LEVEL = 0;
				GCC_PREPROCESSOR_DEFINITIONS = (
					"DEBUG=1",
					"$(inherited)",
				);
				GCC_SYMBOLS_PRIVATE_EXTERN = NO;
				GCC_WARN_64_TO_32_BIT_CONVERSION = YES;
				GCC_WARN_ABOUT_RETURN_TYPE = YES_ERROR;
				GCC_WARN_UNDECLARED_SELECTOR = YES;
				GCC_WARN_UNINITIALIZED_AUTOS = YES_AGGRESSIVE;
				GCC_WARN_UNUSED_FUNCTION = YES;
				GCC_WARN_UNUSED_VARIABLE = YES;
				IPHONEOS_DEPLOYMENT_TARGET = 8.3;
				MTL_ENABLE_DEBUG_INFO = YES;
				ONLY_ACTIVE_ARCH = YES;
				SDKROOT = iphoneos;
				SWIFT_OPTIMIZATION_LEVEL = "-Onone";
				TARGETED_DEVICE_FAMILY = "1,2";
			};
			name = Debug;
		};
		575C69641B25FE2900ACF285 /* Release */ = {
			isa = XCBuildConfiguration;
			buildSettings = {
				ALWAYS_SEARCH_USER_PATHS = NO;
				CLANG_CXX_LANGUAGE_STANDARD = "gnu++0x";
				CLANG_CXX_LIBRARY = "libc++";
				CLANG_ENABLE_MODULES = YES;
				CLANG_ENABLE_OBJC_ARC = YES;
				CLANG_WARN_BOOL_CONVERSION = YES;
				CLANG_WARN_CONSTANT_CONVERSION = YES;
				CLANG_WARN_DIRECT_OBJC_ISA_USAGE = YES_ERROR;
				CLANG_WARN_EMPTY_BODY = YES;
				CLANG_WARN_ENUM_CONVERSION = YES;
				CLANG_WARN_INT_CONVERSION = YES;
				CLANG_WARN_OBJC_ROOT_CLASS = YES_ERROR;
				CLANG_WARN_UNREACHABLE_CODE = YES;
				CLANG_WARN__DUPLICATE_METHOD_MATCH = YES;
				"CODE_SIGN_IDENTITY[sdk=iphoneos*]" = "iPhone Developer";
				COPY_PHASE_STRIP = NO;
				DEBUG_INFORMATION_FORMAT = "dwarf-with-dsym";
				ENABLE_NS_ASSERTIONS = NO;
				ENABLE_STRICT_OBJC_MSGSEND = YES;
				GCC_C_LANGUAGE_STANDARD = gnu99;
				GCC_NO_COMMON_BLOCKS = YES;
				GCC_WARN_64_TO_32_BIT_CONVERSION = YES;
				GCC_WARN_ABOUT_RETURN_TYPE = YES_ERROR;
				GCC_WARN_UNDECLARED_SELECTOR = YES;
				GCC_WARN_UNINITIALIZED_AUTOS = YES_AGGRESSIVE;
				GCC_WARN_UNUSED_FUNCTION = YES;
				GCC_WARN_UNUSED_VARIABLE = YES;
				IPHONEOS_DEPLOYMENT_TARGET = 8.3;
				MTL_ENABLE_DEBUG_INFO = NO;
				SDKROOT = iphoneos;
				TARGETED_DEVICE_FAMILY = "1,2";
				VALIDATE_PRODUCT = YES;
			};
			name = Release;
		};
		575C69661B25FE2900ACF285 /* Debug */ = {
			isa = XCBuildConfiguration;
			buildSettings = {
				ASSETCATALOG_COMPILER_APPICON_NAME = AppIcon;
				INFOPLIST_FILE = ZipCashLock/Info.plist;
				LD_RUNPATH_SEARCH_PATHS = "$(inherited) @executable_path/Frameworks";
				PRODUCT_NAME = "$(TARGET_NAME)";
			};
			name = Debug;
		};
		575C69671B25FE2900ACF285 /* Release */ = {
			isa = XCBuildConfiguration;
			buildSettings = {
				ASSETCATALOG_COMPILER_APPICON_NAME = AppIcon;
				INFOPLIST_FILE = ZipCashLock/Info.plist;
				LD_RUNPATH_SEARCH_PATHS = "$(inherited) @executable_path/Frameworks";
				PRODUCT_NAME = "$(TARGET_NAME)";
			};
			name = Release;
		};
		575C69691B25FE2900ACF285 /* Debug */ = {
			isa = XCBuildConfiguration;
			buildSettings = {
				BUNDLE_LOADER = "$(TEST_HOST)";
				FRAMEWORK_SEARCH_PATHS = (
					"$(SDKROOT)/Developer/Library/Frameworks",
					"$(inherited)",
				);
				GCC_PREPROCESSOR_DEFINITIONS = (
					"DEBUG=1",
					"$(inherited)",
				);
				INFOPLIST_FILE = ZipCashLockTests/Info.plist;
				LD_RUNPATH_SEARCH_PATHS = "$(inherited) @executable_path/Frameworks @loader_path/Frameworks";
				PRODUCT_NAME = "$(TARGET_NAME)";
				TEST_HOST = "$(BUILT_PRODUCTS_DIR)/ZipCashLock.app/ZipCashLock";
			};
			name = Debug;
		};
		575C696A1B25FE2900ACF285 /* Release */ = {
			isa = XCBuildConfiguration;
			buildSettings = {
				BUNDLE_LOADER = "$(TEST_HOST)";
				FRAMEWORK_SEARCH_PATHS = (
					"$(SDKROOT)/Developer/Library/Frameworks",
					"$(inherited)",
				);
				INFOPLIST_FILE = ZipCashLockTests/Info.plist;
				LD_RUNPATH_SEARCH_PATHS = "$(inherited) @executable_path/Frameworks @loader_path/Frameworks";
				PRODUCT_NAME = "$(TARGET_NAME)";
				TEST_HOST = "$(BUILT_PRODUCTS_DIR)/ZipCashLock.app/ZipCashLock";
			};
			name = Release;
		};
/* End XCBuildConfiguration section */

/* Begin XCConfigurationList section */
		575C69411B25FE2800ACF285 /* Build configuration list for PBXProject "ZipCashLock" */ = {
			isa = XCConfigurationList;
			buildConfigurations = (
				575C69631B25FE2900ACF285 /* Debug */,
				575C69641B25FE2900ACF285 /* Release */,
			);
			defaultConfigurationIsVisible = 0;
			defaultConfigurationName = Release;
		};
		575C69651B25FE2900ACF285 /* Build configuration list for PBXNativeTarget "ZipCashLock" */ = {
			isa = XCConfigurationList;
			buildConfigurations = (
				575C69661B25FE2900ACF285 /* Debug */,
				575C69671B25FE2900ACF285 /* Release */,
			);
			defaultConfigurationIsVisible = 0;
		};
		575C69681B25FE2900ACF285 /* Build configuration list for PBXNativeTarget "ZipCashLockTests" */ = {
			isa = XCConfigurationList;
			buildConfigurations = (
				575C69691B25FE2900ACF285 /* Debug */,
				575C696A1B25FE2900ACF285 /* Release */,
			);
			defaultConfigurationIsVisible = 0;
		};
/* End XCConfigurationList section */
	};
	rootObject = 575C693E1B25FE2800ACF285 /* Project object */;
}
